
Microsoft Visual Studio Solution File, Format Version 12.00
# Visual Studio Version 17
VisualStudioVersion = 17.1.32319.34
MinimumVisualStudioVersion = 10.0.40219.1
Project("{FAE04EC0-301F-11D3-BF4B-00C04F79EFBC}") = "GraphTheory", "GraphTheory\GraphTheory.csproj", "{EB846E0A-7E9F-4ED5-B607-84D2F1BFBEC1}"
EndProject
Project("{FAE04EC0-301F-11D3-BF4B-00C04F79EFBC}") = "Application", "Application\Application.csproj", "{01FBFCD9-5B1A-4A94-B502-9445D37AF9E4}"
EndProject
Global
	GlobalSection(SolutionConfigurationPlatforms) = preSolution
		Debug|Any CPU = Debug|Any CPU
		Release|Any CPU = Release|Any CPU
	EndGlobalSection
	GlobalSection(ProjectConfigurationPlatforms) = postSolution
		{EB846E0A-7E9F-4ED5-B607-84D2F1BFBEC1}.Debug|Any CPU.ActiveCfg = Debug|Any CPU
		{EB846E0A-7E9F-4ED5-B607-84D2F1BFBEC1}.Debug|Any CPU.Build.0 = Debug|Any CPU
		{EB846E0A-7E9F-4ED5-B607-84D2F1BFBEC1}.Release|Any CPU.ActiveCfg = Release|Any CPU
		{EB846E0A-7E9F-4ED5-B607-84D2F1BFBEC1}.Release|Any CPU.Build.0 = Release|Any CPU
		{01FBFCD9-5B1A-4A94-B502-9445D37AF9E4}.Debug|Any CPU.ActiveCfg = Debug|Any CPU
		{01FBFCD9-5B1A-4A94-B502-9445D37AF9E4}.Debug|Any CPU.Build.0 = Debug|Any CPU
		{01FBFCD9-5B1A-4A94-B502-9445D37AF9E4}.Release|Any CPU.ActiveCfg = Release|Any CPU
		{01FBFCD9-5B1A-4A94-B502-9445D37AF9E4}.Release|Any CPU.Build.0 = Release|Any CPU
	EndGlobalSection
	GlobalSection(SolutionProperties) = preSolution
		HideSolutionNode = FALSE
	EndGlobalSection
	GlobalSection(ExtensibilityGlobals) = postSolution
		SolutionGuid = {7D3330A8-49FA-4A43-A46A-B37B0F243226}
	EndGlobalSection
EndGlobal
